// !$*UTF8*$!
{
	archiveVersion = 1;
	classes = {
	};
	objectVersion = 55;
	objects = {

/* Begin PBXBuildFile section */
		8410EC20275A87C6002702B5 /* MarvelApp.swift in Sources */ = {isa = PBXBuildFile; fileRef = 8410EC1F275A87C6002702B5 /* MarvelApp.swift */; };
		8410EC22275A87C6002702B5 /* ContentView.swift in Sources */ = {isa = PBXBuildFile; fileRef = 8410EC21275A87C6002702B5 /* ContentView.swift */; };
		8410EC24275A87C8002702B5 /* Assets.xcassets in Resources */ = {isa = PBXBuildFile; fileRef = 8410EC23275A87C8002702B5 /* Assets.xcassets */; };
		8410EC27275A87C8002702B5 /* Preview Assets.xcassets in Resources */ = {isa = PBXBuildFile; fileRef = 8410EC26275A87C8002702B5 /* Preview Assets.xcassets */; };
		8410EC31275A87C8002702B5 /* MarvelTests.swift in Sources */ = {isa = PBXBuildFile; fileRef = 8410EC30275A87C8002702B5 /* MarvelTests.swift */; };
		8410EC4A275A882E002702B5 /* String+MD5.swift in Sources */ = {isa = PBXBuildFile; fileRef = 8410EC49275A882E002702B5 /* String+MD5.swift */; };
		8410EC53275A88F2002702B5 /* Services.swift in Sources */ = {isa = PBXBuildFile; fileRef = 8410EC4C275A88F2002702B5 /* Services.swift */; };
		8410EC54275A88F2002702B5 /* Publisher+extension.swift in Sources */ = {isa = PBXBuildFile; fileRef = 8410EC4D275A88F2002702B5 /* Publisher+extension.swift */; };
		8410EC55275A88F2002702B5 /* URLSession+downloadTask.swift in Sources */ = {isa = PBXBuildFile; fileRef = 8410EC4E275A88F2002702B5 /* URLSession+downloadTask.swift */; };
		8410EC56275A88F2002702B5 /* APISession.swift in Sources */ = {isa = PBXBuildFile; fileRef = 8410EC4F275A88F2002702B5 /* APISession.swift */; };
		8410EC57275A88F2002702B5 /* NetworkService.swift in Sources */ = {isa = PBXBuildFile; fileRef = 8410EC50275A88F2002702B5 /* NetworkService.swift */; };
		8410EC58275A88F2002702B5 /* UserDefaults+KeyValueService.swift in Sources */ = {isa = PBXBuildFile; fileRef = 8410EC51275A88F2002702B5 /* UserDefaults+KeyValueService.swift */; };
		8410EC59275A88F2002702B5 /* Endpoint.swift in Sources */ = {isa = PBXBuildFile; fileRef = 8410EC52275A88F2002702B5 /* Endpoint.swift */; };
		8410EC5C275BB10C002702B5 /* HeroesProvider.swift in Sources */ = {isa = PBXBuildFile; fileRef = 8410EC5B275BB10C002702B5 /* HeroesProvider.swift */; };
		8410EC5E275BB259002702B5 /* Hero.swift in Sources */ = {isa = PBXBuildFile; fileRef = 8410EC5D275BB259002702B5 /* Hero.swift */; };
		8410EC60275BB28F002702B5 /* Heroes.json in Resources */ = {isa = PBXBuildFile; fileRef = 8410EC5F275BB28F002702B5 /* Heroes.json */; };
		8410EC64275BB2F8002702B5 /* CharactersRequestResponse.swift in Sources */ = {isa = PBXBuildFile; fileRef = 8410EC63275BB2F8002702B5 /* CharactersRequestResponse.swift */; };
		8410EC66275E0B13002702B5 /* HeroesDecoding.swift in Sources */ = {isa = PBXBuildFile; fileRef = 8410EC65275E0B13002702B5 /* HeroesDecoding.swift */; };
		8410EC6C275E17B9002702B5 /* Color+styles.swift in Sources */ = {isa = PBXBuildFile; fileRef = 8410EC69275E17B9002702B5 /* Color+styles.swift */; };
		8410EC6D275E17B9002702B5 /* Image+styles.swift in Sources */ = {isa = PBXBuildFile; fileRef = 8410EC6A275E17B9002702B5 /* Image+styles.swift */; };
		8410EC6E275E17B9002702B5 /* Font+styles.swift in Sources */ = {isa = PBXBuildFile; fileRef = 8410EC6B275E17B9002702B5 /* Font+styles.swift */; };
		8410EC71275E1843002702B5 /* Samples.swift in Sources */ = {isa = PBXBuildFile; fileRef = 8410EC70275E1843002702B5 /* Samples.swift */; };
		8410EC73275E1948002702B5 /* HeroDetailsView.swift in Sources */ = {isa = PBXBuildFile; fileRef = 8410EC72275E1947002702B5 /* HeroDetailsView.swift */; };
		8410EC75275E196E002702B5 /* ImageLoader.swift in Sources */ = {isa = PBXBuildFile; fileRef = 8410EC74275E196E002702B5 /* ImageLoader.swift */; };
		8410EC79275E1EA9002702B5 /* HeroesList.swift in Sources */ = {isa = PBXBuildFile; fileRef = 8410EC78275E1EA9002702B5 /* HeroesList.swift */; };
		8410EC7C275E1EC6002702B5 /* NavigationConfigurator.swift in Sources */ = {isa = PBXBuildFile; fileRef = 8410EC7A275E1EC6002702B5 /* NavigationConfigurator.swift */; };
		8410EC7F275E265A002702B5 /* TableViewConfigurator.swift in Sources */ = {isa = PBXBuildFile; fileRef = 8410EC7E275E265A002702B5 /* TableViewConfigurator.swift */; };
		8410EC82275E2B03002702B5 /* HeroesStore.swift in Sources */ = {isa = PBXBuildFile; fileRef = 8410EC81275E2B03002702B5 /* HeroesStore.swift */; };
/* End PBXBuildFile section */

/* Begin PBXContainerItemProxy section */
		8410EC2D275A87C8002702B5 /* PBXContainerItemProxy */ = {
			isa = PBXContainerItemProxy;
			containerPortal = 8410EC14275A87C6002702B5 /* Project object */;
			proxyType = 1;
			remoteGlobalIDString = 8410EC1B275A87C6002702B5;
			remoteInfo = Marvel;
		};
/* End PBXContainerItemProxy section */

/* Begin PBXFileReference section */
		8410EC1C275A87C6002702B5 /* Marvel.app */ = {isa = PBXFileReference; explicitFileType = wrapper.application; includeInIndex = 0; path = Marvel.app; sourceTree = BUILT_PRODUCTS_DIR; };
		8410EC1F275A87C6002702B5 /* MarvelApp.swift */ = {isa = PBXFileReference; lastKnownFileType = sourcecode.swift; path = MarvelApp.swift; sourceTree = "<group>"; };
		8410EC21275A87C6002702B5 /* ContentView.swift */ = {isa = PBXFileReference; lastKnownFileType = sourcecode.swift; path = ContentView.swift; sourceTree = "<group>"; };
		8410EC23275A87C8002702B5 /* Assets.xcassets */ = {isa = PBXFileReference; lastKnownFileType = folder.assetcatalog; path = Assets.xcassets; sourceTree = "<group>"; };
		8410EC26275A87C8002702B5 /* Preview Assets.xcassets */ = {isa = PBXFileReference; lastKnownFileType = folder.assetcatalog; path = "Preview Assets.xcassets"; sourceTree = "<group>"; };
		8410EC2C275A87C8002702B5 /* MarvelTests.xctest */ = {isa = PBXFileReference; explicitFileType = wrapper.cfbundle; includeInIndex = 0; path = MarvelTests.xctest; sourceTree = BUILT_PRODUCTS_DIR; };
		8410EC30275A87C8002702B5 /* MarvelTests.swift */ = {isa = PBXFileReference; lastKnownFileType = sourcecode.swift; path = MarvelTests.swift; sourceTree = "<group>"; };
		8410EC49275A882E002702B5 /* String+MD5.swift */ = {isa = PBXFileReference; lastKnownFileType = sourcecode.swift; path = "String+MD5.swift"; sourceTree = "<group>"; };
		8410EC4C275A88F2002702B5 /* Services.swift */ = {isa = PBXFileReference; fileEncoding = 4; lastKnownFileType = sourcecode.swift; path = Services.swift; sourceTree = "<group>"; };
		8410EC4D275A88F2002702B5 /* Publisher+extension.swift */ = {isa = PBXFileReference; fileEncoding = 4; lastKnownFileType = sourcecode.swift; path = "Publisher+extension.swift"; sourceTree = "<group>"; };
		8410EC4E275A88F2002702B5 /* URLSession+downloadTask.swift */ = {isa = PBXFileReference; fileEncoding = 4; lastKnownFileType = sourcecode.swift; path = "URLSession+downloadTask.swift"; sourceTree = "<group>"; };
		8410EC4F275A88F2002702B5 /* APISession.swift */ = {isa = PBXFileReference; fileEncoding = 4; lastKnownFileType = sourcecode.swift; path = APISession.swift; sourceTree = "<group>"; };
		8410EC50275A88F2002702B5 /* NetworkService.swift */ = {isa = PBXFileReference; fileEncoding = 4; lastKnownFileType = sourcecode.swift; path = NetworkService.swift; sourceTree = "<group>"; };
		8410EC51275A88F2002702B5 /* UserDefaults+KeyValueService.swift */ = {isa = PBXFileReference; fileEncoding = 4; lastKnownFileType = sourcecode.swift; path = "UserDefaults+KeyValueService.swift"; sourceTree = "<group>"; };
		8410EC52275A88F2002702B5 /* Endpoint.swift */ = {isa = PBXFileReference; fileEncoding = 4; lastKnownFileType = sourcecode.swift; path = Endpoint.swift; sourceTree = "<group>"; };
		8410EC5B275BB10C002702B5 /* HeroesProvider.swift */ = {isa = PBXFileReference; lastKnownFileType = sourcecode.swift; path = HeroesProvider.swift; sourceTree = "<group>"; };
		8410EC5D275BB259002702B5 /* Hero.swift */ = {isa = PBXFileReference; lastKnownFileType = sourcecode.swift; path = Hero.swift; sourceTree = "<group>"; };
		8410EC5F275BB28F002702B5 /* Heroes.json */ = {isa = PBXFileReference; lastKnownFileType = text.json; path = Heroes.json; sourceTree = "<group>"; };
		8410EC63275BB2F8002702B5 /* CharactersRequestResponse.swift */ = {isa = PBXFileReference; lastKnownFileType = sourcecode.swift; path = CharactersRequestResponse.swift; sourceTree = "<group>"; };
		8410EC65275E0B13002702B5 /* HeroesDecoding.swift */ = {isa = PBXFileReference; lastKnownFileType = sourcecode.swift; path = HeroesDecoding.swift; sourceTree = "<group>"; };
		8410EC69275E17B9002702B5 /* Color+styles.swift */ = {isa = PBXFileReference; fileEncoding = 4; lastKnownFileType = sourcecode.swift; path = "Color+styles.swift"; sourceTree = "<group>"; };
		8410EC6A275E17B9002702B5 /* Image+styles.swift */ = {isa = PBXFileReference; fileEncoding = 4; lastKnownFileType = sourcecode.swift; path = "Image+styles.swift"; sourceTree = "<group>"; };
		8410EC6B275E17B9002702B5 /* Font+styles.swift */ = {isa = PBXFileReference; fileEncoding = 4; lastKnownFileType = sourcecode.swift; path = "Font+styles.swift"; sourceTree = "<group>"; };
		8410EC70275E1843002702B5 /* Samples.swift */ = {isa = PBXFileReference; lastKnownFileType = sourcecode.swift; path = Samples.swift; sourceTree = "<group>"; };
		8410EC72275E1947002702B5 /* HeroDetailsView.swift */ = {isa = PBXFileReference; fileEncoding = 4; lastKnownFileType = sourcecode.swift; path = HeroDetailsView.swift; sourceTree = "<group>"; };
		8410EC74275E196E002702B5 /* ImageLoader.swift */ = {isa = PBXFileReference; fileEncoding = 4; lastKnownFileType = sourcecode.swift; path = ImageLoader.swift; sourceTree = "<group>"; };
		8410EC78275E1EA9002702B5 /* HeroesList.swift */ = {isa = PBXFileReference; fileEncoding = 4; lastKnownFileType = sourcecode.swift; path = HeroesList.swift; sourceTree = "<group>"; };
		8410EC7A275E1EC6002702B5 /* NavigationConfigurator.swift */ = {isa = PBXFileReference; fileEncoding = 4; lastKnownFileType = sourcecode.swift; path = NavigationConfigurator.swift; sourceTree = "<group>"; };
		8410EC7E275E265A002702B5 /* TableViewConfigurator.swift */ = {isa = PBXFileReference; fileEncoding = 4; lastKnownFileType = sourcecode.swift; path = TableViewConfigurator.swift; sourceTree = "<group>"; };
		8410EC81275E2B03002702B5 /* HeroesStore.swift */ = {isa = PBXFileReference; fileEncoding = 4; lastKnownFileType = sourcecode.swift; path = HeroesStore.swift; sourceTree = "<group>"; };
/* End PBXFileReference section */

/* Begin PBXFrameworksBuildPhase section */
		8410EC19275A87C6002702B5 /* Frameworks */ = {
			isa = PBXFrameworksBuildPhase;
			buildActionMask = 2147483647;
			files = (
			);
			runOnlyForDeploymentPostprocessing = 0;
		};
		8410EC29275A87C8002702B5 /* Frameworks */ = {
			isa = PBXFrameworksBuildPhase;
			buildActionMask = 2147483647;
			files = (
			);
			runOnlyForDeploymentPostprocessing = 0;
		};
/* End PBXFrameworksBuildPhase section */

/* Begin PBXGroup section */
		8410EC13275A87C6002702B5 = {
			isa = PBXGroup;
			children = (
				8410EC1E275A87C6002702B5 /* Marvel */,
				8410EC2F275A87C8002702B5 /* MarvelTests */,
				8410EC1D275A87C6002702B5 /* Products */,
			);
			sourceTree = "<group>";
		};
		8410EC1D275A87C6002702B5 /* Products */ = {
			isa = PBXGroup;
			children = (
				8410EC1C275A87C6002702B5 /* Marvel.app */,
				8410EC2C275A87C8002702B5 /* MarvelTests.xctest */,
			);
			name = Products;
			sourceTree = "<group>";
		};
		8410EC1E275A87C6002702B5 /* Marvel */ = {
			isa = PBXGroup;
			children = (
				8410EC1F275A87C6002702B5 /* MarvelApp.swift */,
				8410EC21275A87C6002702B5 /* ContentView.swift */,
				8410EC62275BB2E2002702B5 /* Model */,
				8410EC80275E2B03002702B5 /* Store */,
				8410EC4B275A88F2002702B5 /* Services */,
				8410EC77275E1E79002702B5 /* Views */,
				8410EC76275E1E73002702B5 /* Components */,
				8410EC68275E17B9002702B5 /* Styles */,
				8410EC5A275A8902002702B5 /* Utils */,
				8410EC67275E125D002702B5 /* Ressources */,
				8410EC25275A87C8002702B5 /* Preview Content */,
			);
			path = Marvel;
			sourceTree = "<group>";
		};
		8410EC25275A87C8002702B5 /* Preview Content */ = {
			isa = PBXGroup;
			children = (
				8410EC26275A87C8002702B5 /* Preview Assets.xcassets */,
			);
			path = "Preview Content";
			sourceTree = "<group>";
		};
		8410EC2F275A87C8002702B5 /* MarvelTests */ = {
			isa = PBXGroup;
			children = (
				8410EC30275A87C8002702B5 /* MarvelTests.swift */,
				8410EC65275E0B13002702B5 /* HeroesDecoding.swift */,
			);
			path = MarvelTests;
			sourceTree = "<group>";
		};
		8410EC4B275A88F2002702B5 /* Services */ = {
			isa = PBXGroup;
			children = (
				8410EC4C275A88F2002702B5 /* Services.swift */,
				8410EC4F275A88F2002702B5 /* APISession.swift */,
				8410EC50275A88F2002702B5 /* NetworkService.swift */,
				8410EC51275A88F2002702B5 /* UserDefaults+KeyValueService.swift */,
				8410EC52275A88F2002702B5 /* Endpoint.swift */,
				8410EC5B275BB10C002702B5 /* HeroesProvider.swift */,
			);
			path = Services;
			sourceTree = "<group>";
		};
		8410EC5A275A8902002702B5 /* Utils */ = {
			isa = PBXGroup;
			children = (
				8410EC49275A882E002702B5 /* String+MD5.swift */,
				8410EC4E275A88F2002702B5 /* URLSession+downloadTask.swift */,
				8410EC4D275A88F2002702B5 /* Publisher+extension.swift */,
			);
			path = Utils;
			sourceTree = "<group>";
		};
		8410EC61275BB2DA002702B5 /* Codable */ = {
			isa = PBXGroup;
			children = (
				8410EC63275BB2F8002702B5 /* CharactersRequestResponse.swift */,
			);
			path = Codable;
			sourceTree = "<group>";
		};
		8410EC62275BB2E2002702B5 /* Model */ = {
			isa = PBXGroup;
			children = (
				8410EC61275BB2DA002702B5 /* Codable */,
				8410EC5D275BB259002702B5 /* Hero.swift */,
				8410EC70275E1843002702B5 /* Samples.swift */,
			);
			path = Model;
			sourceTree = "<group>";
		};
		8410EC67275E125D002702B5 /* Ressources */ = {
			isa = PBXGroup;
			children = (
				8410EC23275A87C8002702B5 /* Assets.xcassets */,
				8410EC5F275BB28F002702B5 /* Heroes.json */,
			);
			path = Ressources;
			sourceTree = "<group>";
		};
		8410EC68275E17B9002702B5 /* Styles */ = {
			isa = PBXGroup;
			children = (
				8410EC69275E17B9002702B5 /* Color+styles.swift */,
				8410EC6A275E17B9002702B5 /* Image+styles.swift */,
				8410EC6B275E17B9002702B5 /* Font+styles.swift */,
			);
			path = Styles;
			sourceTree = "<group>";
		};
		8410EC76275E1E73002702B5 /* Components */ = {
			isa = PBXGroup;
			children = (
				8410EC7A275E1EC6002702B5 /* NavigationConfigurator.swift */,
				8410EC7E275E265A002702B5 /* TableViewConfigurator.swift */,
				8410EC74275E196E002702B5 /* ImageLoader.swift */,
			);
			path = Components;
			sourceTree = "<group>";
		};
		8410EC77275E1E79002702B5 /* Views */ = {
			isa = PBXGroup;
			children = (
				8410EC78275E1EA9002702B5 /* HeroesList.swift */,
				8410EC72275E1947002702B5 /* HeroDetailsView.swift */,
			);
			path = Views;
			sourceTree = "<group>";
		};
		8410EC80275E2B03002702B5 /* Store */ = {
			isa = PBXGroup;
			children = (
				8410EC81275E2B03002702B5 /* HeroesStore.swift */,
			);
			path = Store;
			sourceTree = "<group>";
		};
/* End PBXGroup section */

/* Begin PBXNativeTarget section */
		8410EC1B275A87C6002702B5 /* Marvel */ = {
			isa = PBXNativeTarget;
			buildConfigurationList = 8410EC40275A87C8002702B5 /* Build configuration list for PBXNativeTarget "Marvel" */;
			buildPhases = (
				8410EC18275A87C6002702B5 /* Sources */,
				8410EC19275A87C6002702B5 /* Frameworks */,
				8410EC1A275A87C6002702B5 /* Resources */,
			);
			buildRules = (
			);
			dependencies = (
			);
			name = Marvel;
			productName = Marvel;
			productReference = 8410EC1C275A87C6002702B5 /* Marvel.app */;
			productType = "com.apple.product-type.application";
		};
		8410EC2B275A87C8002702B5 /* MarvelTests */ = {
			isa = PBXNativeTarget;
			buildConfigurationList = 8410EC43275A87C8002702B5 /* Build configuration list for PBXNativeTarget "MarvelTests" */;
			buildPhases = (
				8410EC28275A87C8002702B5 /* Sources */,
				8410EC29275A87C8002702B5 /* Frameworks */,
				8410EC2A275A87C8002702B5 /* Resources */,
			);
			buildRules = (
			);
			dependencies = (
				8410EC2E275A87C8002702B5 /* PBXTargetDependency */,
			);
			name = MarvelTests;
			productName = MarvelTests;
			productReference = 8410EC2C275A87C8002702B5 /* MarvelTests.xctest */;
			productType = "com.apple.product-type.bundle.unit-test";
		};
/* End PBXNativeTarget section */

/* Begin PBXProject section */
		8410EC14275A87C6002702B5 /* Project object */ = {
			isa = PBXProject;
			attributes = {
				BuildIndependentTargetsInParallel = 1;
				LastSwiftUpdateCheck = 1310;
				LastUpgradeCheck = 1310;
				TargetAttributes = {
					8410EC1B275A87C6002702B5 = {
						CreatedOnToolsVersion = 13.1;
					};
					8410EC2B275A87C8002702B5 = {
						CreatedOnToolsVersion = 13.1;
						TestTargetID = 8410EC1B275A87C6002702B5;
					};
				};
			};
			buildConfigurationList = 8410EC17275A87C6002702B5 /* Build configuration list for PBXProject "Marvel" */;
			compatibilityVersion = "Xcode 13.0";
			developmentRegion = en;
			hasScannedForEncodings = 0;
			knownRegions = (
				en,
				Base,
			);
			mainGroup = 8410EC13275A87C6002702B5;
			productRefGroup = 8410EC1D275A87C6002702B5 /* Products */;
			projectDirPath = "";
			projectRoot = "";
			targets = (
				8410EC1B275A87C6002702B5 /* Marvel */,
				8410EC2B275A87C8002702B5 /* MarvelTests */,
			);
		};
/* End PBXProject section */

/* Begin PBXResourcesBuildPhase section */
		8410EC1A275A87C6002702B5 /* Resources */ = {
			isa = PBXResourcesBuildPhase;
			buildActionMask = 2147483647;
			files = (
				8410EC60275BB28F002702B5 /* Heroes.json in Resources */,
				8410EC27275A87C8002702B5 /* Preview Assets.xcassets in Resources */,
				8410EC24275A87C8002702B5 /* Assets.xcassets in Resources */,
			);
			runOnlyForDeploymentPostprocessing = 0;
		};
		8410EC2A275A87C8002702B5 /* Resources */ = {
			isa = PBXResourcesBuildPhase;
			buildActionMask = 2147483647;
			files = (
			);
			runOnlyForDeploymentPostprocessing = 0;
		};
/* End PBXResourcesBuildPhase section */

/* Begin PBXSourcesBuildPhase section */
		8410EC18275A87C6002702B5 /* Sources */ = {
			isa = PBXSourcesBuildPhase;
			buildActionMask = 2147483647;
			files = (
				8410EC7F275E265A002702B5 /* TableViewConfigurator.swift in Sources */,
				8410EC82275E2B03002702B5 /* HeroesStore.swift in Sources */,
				8410EC64275BB2F8002702B5 /* CharactersRequestResponse.swift in Sources */,
				8410EC22275A87C6002702B5 /* ContentView.swift in Sources */,
				8410EC6E275E17B9002702B5 /* Font+styles.swift in Sources */,
				8410EC71275E1843002702B5 /* Samples.swift in Sources */,
				8410EC6D275E17B9002702B5 /* Image+styles.swift in Sources */,
				8410EC54275A88F2002702B5 /* Publisher+extension.swift in Sources */,
				8410EC57275A88F2002702B5 /* NetworkService.swift in Sources */,
				8410EC7C275E1EC6002702B5 /* NavigationConfigurator.swift in Sources */,
				8410EC55275A88F2002702B5 /* URLSession+downloadTask.swift in Sources */,
				8410EC59275A88F2002702B5 /* Endpoint.swift in Sources */,
				8410EC79275E1EA9002702B5 /* HeroesList.swift in Sources */,
				8410EC75275E196E002702B5 /* ImageLoader.swift in Sources */,
				8410EC53275A88F2002702B5 /* Services.swift in Sources */,
				8410EC20275A87C6002702B5 /* MarvelApp.swift in Sources */,
				8410EC5C275BB10C002702B5 /* HeroesProvider.swift in Sources */,
				8410EC4A275A882E002702B5 /* String+MD5.swift in Sources */,
				8410EC56275A88F2002702B5 /* APISession.swift in Sources */,
				8410EC58275A88F2002702B5 /* UserDefaults+KeyValueService.swift in Sources */,
				8410EC5E275BB259002702B5 /* Hero.swift in Sources */,
				8410EC6C275E17B9002702B5 /* Color+styles.swift in Sources */,
				8410EC73275E1948002702B5 /* HeroDetailsView.swift in Sources */,
			);
			runOnlyForDeploymentPostprocessing = 0;
		};
		8410EC28275A87C8002702B5 /* Sources */ = {
			isa = PBXSourcesBuildPhase;
			buildActionMask = 2147483647;
			files = (
				8410EC66275E0B13002702B5 /* HeroesDecoding.swift in Sources */,
				8410EC31275A87C8002702B5 /* MarvelTests.swift in Sources */,
			);
			runOnlyForDeploymentPostprocessing = 0;
		};
/* End PBXSourcesBuildPhase section */

/* Begin PBXTargetDependency section */
		8410EC2E275A87C8002702B5 /* PBXTargetDependency */ = {
			isa = PBXTargetDependency;
			target = 8410EC1B275A87C6002702B5 /* Marvel */;
			targetProxy = 8410EC2D275A87C8002702B5 /* PBXContainerItemProxy */;
		};
/* End PBXTargetDependency section */

/* Begin XCBuildConfiguration section */
		8410EC3E275A87C8002702B5 /* Debug */ = {
			isa = XCBuildConfiguration;
			buildSettings = {
				ALWAYS_SEARCH_USER_PATHS = NO;
				CLANG_ANALYZER_NONNULL = YES;
				CLANG_ANALYZER_NUMBER_OBJECT_CONVERSION = YES_AGGRESSIVE;
				CLANG_CXX_LANGUAGE_STANDARD = "gnu++17";
				CLANG_CXX_LIBRARY = "libc++";
				CLANG_ENABLE_MODULES = YES;
				CLANG_ENABLE_OBJC_ARC = YES;
				CLANG_ENABLE_OBJC_WEAK = YES;
				CLANG_WARN_BLOCK_CAPTURE_AUTORELEASING = YES;
				CLANG_WARN_BOOL_CONVERSION = YES;
				CLANG_WARN_COMMA = YES;
				CLANG_WARN_CONSTANT_CONVERSION = YES;
				CLANG_WARN_DEPRECATED_OBJC_IMPLEMENTATIONS = YES;
				CLANG_WARN_DIRECT_OBJC_ISA_USAGE = YES_ERROR;
				CLANG_WARN_DOCUMENTATION_COMMENTS = YES;
				CLANG_WARN_EMPTY_BODY = YES;
				CLANG_WARN_ENUM_CONVERSION = YES;
				CLANG_WARN_INFINITE_RECURSION = YES;
				CLANG_WARN_INT_CONVERSION = YES;
				CLANG_WARN_NON_LITERAL_NULL_CONVERSION = YES;
				CLANG_WARN_OBJC_IMPLICIT_RETAIN_SELF = YES;
				CLANG_WARN_OBJC_LITERAL_CONVERSION = YES;
				CLANG_WARN_OBJC_ROOT_CLASS = YES_ERROR;
				CLANG_WARN_QUOTED_INCLUDE_IN_FRAMEWORK_HEADER = YES;
				CLANG_WARN_RANGE_LOOP_ANALYSIS = YES;
				CLANG_WARN_STRICT_PROTOTYPES = YES;
				CLANG_WARN_SUSPICIOUS_MOVE = YES;
				CLANG_WARN_UNGUARDED_AVAILABILITY = YES_AGGRESSIVE;
				CLANG_WARN_UNREACHABLE_CODE = YES;
				CLANG_WARN__DUPLICATE_METHOD_MATCH = YES;
				COPY_PHASE_STRIP = NO;
				DEBUG_INFORMATION_FORMAT = dwarf;
				ENABLE_STRICT_OBJC_MSGSEND = YES;
				ENABLE_TESTABILITY = YES;
				GCC_C_LANGUAGE_STANDARD = gnu11;
				GCC_DYNAMIC_NO_PIC = NO;
				GCC_NO_COMMON_BLOCKS = YES;
				GCC_OPTIMIZATION_LEVEL = 0;
				GCC_PREPROCESSOR_DEFINITIONS = (
					"DEBUG=1",
					"$(inherited)",
				);
				GCC_WARN_64_TO_32_BIT_CONVERSION = YES;
				GCC_WARN_ABOUT_RETURN_TYPE = YES_ERROR;
				GCC_WARN_UNDECLARED_SELECTOR = YES;
				GCC_WARN_UNINITIALIZED_AUTOS = YES_AGGRESSIVE;
				GCC_WARN_UNUSED_FUNCTION = YES;
				GCC_WARN_UNUSED_VARIABLE = YES;
				IPHONEOS_DEPLOYMENT_TARGET = 14.5;
				MTL_ENABLE_DEBUG_INFO = INCLUDE_SOURCE;
				MTL_FAST_MATH = YES;
				ONLY_ACTIVE_ARCH = YES;
				SDKROOT = iphoneos;
				SWIFT_ACTIVE_COMPILATION_CONDITIONS = DEBUG;
				SWIFT_OPTIMIZATION_LEVEL = "-Onone";
			};
			name = Debug;
		};
		8410EC3F275A87C8002702B5 /* Release */ = {
			isa = XCBuildConfiguration;
			buildSettings = {
				ALWAYS_SEARCH_USER_PATHS = NO;
				CLANG_ANALYZER_NONNULL = YES;
				CLANG_ANALYZER_NUMBER_OBJECT_CONVERSION = YES_AGGRESSIVE;
				CLANG_CXX_LANGUAGE_STANDARD = "gnu++17";
				CLANG_CXX_LIBRARY = "libc++";
				CLANG_ENABLE_MODULES = YES;
				CLANG_ENABLE_OBJC_ARC = YES;
				CLANG_ENABLE_OBJC_WEAK = YES;
				CLANG_WARN_BLOCK_CAPTURE_AUTORELEASING = YES;
				CLANG_WARN_BOOL_CONVERSION = YES;
				CLANG_WARN_COMMA = YES;
				CLANG_WARN_CONSTANT_CONVERSION = YES;
				CLANG_WARN_DEPRECATED_OBJC_IMPLEMENTATIONS = YES;
				CLANG_WARN_DIRECT_OBJC_ISA_USAGE = YES_ERROR;
				CLANG_WARN_DOCUMENTATION_COMMENTS = YES;
				CLANG_WARN_EMPTY_BODY = YES;
				CLANG_WARN_ENUM_CONVERSION = YES;
				CLANG_WARN_INFINITE_RECURSION = YES;
				CLANG_WARN_INT_CONVERSION = YES;
				CLANG_WARN_NON_LITERAL_NULL_CONVERSION = YES;
				CLANG_WARN_OBJC_IMPLICIT_RETAIN_SELF = YES;
				CLANG_WARN_OBJC_LITERAL_CONVERSION = YES;
				CLANG_WARN_OBJC_ROOT_CLASS = YES_ERROR;
				CLANG_WARN_QUOTED_INCLUDE_IN_FRAMEWORK_HEADER = YES;
				CLANG_WARN_RANGE_LOOP_ANALYSIS = YES;
				CLANG_WARN_STRICT_PROTOTYPES = YES;
				CLANG_WARN_SUSPICIOUS_MOVE = YES;
				CLANG_WARN_UNGUARDED_AVAILABILITY = YES_AGGRESSIVE;
				CLANG_WARN_UNREACHABLE_CODE = YES;
				CLANG_WARN__DUPLICATE_METHOD_MATCH = YES;
				COPY_PHASE_STRIP = NO;
				DEBUG_INFORMATION_FORMAT = "dwarf-with-dsym";
				ENABLE_NS_ASSERTIONS = NO;
				ENABLE_STRICT_OBJC_MSGSEND = YES;
				GCC_C_LANGUAGE_STANDARD = gnu11;
				GCC_NO_COMMON_BLOCKS = YES;
				GCC_WARN_64_TO_32_BIT_CONVERSION = YES;
				GCC_WARN_ABOUT_RETURN_TYPE = YES_ERROR;
				GCC_WARN_UNDECLARED_SELECTOR = YES;
				GCC_WARN_UNINITIALIZED_AUTOS = YES_AGGRESSIVE;
				GCC_WARN_UNUSED_FUNCTION = YES;
				GCC_WARN_UNUSED_VARIABLE = YES;
				IPHONEOS_DEPLOYMENT_TARGET = 14.5;
				MTL_ENABLE_DEBUG_INFO = NO;
				MTL_FAST_MATH = YES;
				SDKROOT = iphoneos;
				SWIFT_COMPILATION_MODE = wholemodule;
				SWIFT_OPTIMIZATION_LEVEL = "-O";
				VALIDATE_PRODUCT = YES;
			};
			name = Release;
		};
		8410EC41275A87C8002702B5 /* Debug */ = {
			isa = XCBuildConfiguration;
			buildSettings = {
				ASSETCATALOG_COMPILER_APPICON_NAME = AppIcon;
				ASSETCATALOG_COMPILER_GLOBAL_ACCENT_COLOR_NAME = AccentColor;
				CODE_SIGN_STYLE = Automatic;
				CURRENT_PROJECT_VERSION = 1;
				DEVELOPMENT_ASSET_PATHS = "\"Marvel/Preview Content\"";
				DEVELOPMENT_TEAM = 62724PC466;
				ENABLE_PREVIEWS = YES;
				GENERATE_INFOPLIST_FILE = YES;
				INFOPLIST_KEY_UIApplicationSceneManifest_Generation = YES;
				INFOPLIST_KEY_UIApplicationSupportsIndirectInputEvents = YES;
				INFOPLIST_KEY_UILaunchScreen_Generation = YES;
				INFOPLIST_KEY_UISupportedInterfaceOrientations = UIInterfaceOrientationPortrait;
				INFOPLIST_KEY_UISupportedInterfaceOrientations_iPad = "UIInterfaceOrientationPortrait UIInterfaceOrientationPortraitUpsideDown UIInterfaceOrientationLandscapeLeft UIInterfaceOrientationLandscapeRight";
				INFOPLIST_KEY_UISupportedInterfaceOrientations_iPhone = "UIInterfaceOrientationPortrait UIInterfaceOrientationLandscapeLeft UIInterfaceOrientationLandscapeRight";
				LD_RUNPATH_SEARCH_PATHS = (
					"$(inherited)",
					"@executable_path/Frameworks",
				);
				MARKETING_VERSION = 1.0;
				PRODUCT_BUNDLE_IDENTIFIER = com.AdrSim.Marvel;
				PRODUCT_NAME = "$(TARGET_NAME)";
				SWIFT_EMIT_LOC_STRINGS = YES;
				SWIFT_VERSION = 5.0;
				TARGETED_DEVICE_FAMILY = 1;
			};
			name = Debug;
		};
		8410EC42275A87C8002702B5 /* Release */ = {
			isa = XCBuildConfiguration;
			buildSettings = {
				ASSETCATALOG_COMPILER_APPICON_NAME = AppIcon;
				ASSETCATALOG_COMPILER_GLOBAL_ACCENT_COLOR_NAME = AccentColor;
				CODE_SIGN_STYLE = Automatic;
				CURRENT_PROJECT_VERSION = 1;
				DEVELOPMENT_ASSET_PATHS = "\"Marvel/Preview Content\"";
				DEVELOPMENT_TEAM = 62724PC466;
				ENABLE_PREVIEWS = YES;
				GENERATE_INFOPLIST_FILE = YES;
				INFOPLIST_KEY_UIApplicationSceneManifest_Generation = YES;
				INFOPLIST_KEY_UIApplicationSupportsIndirectInputEvents = YES;
				INFOPLIST_KEY_UILaunchScreen_Generation = YES;
				INFOPLIST_KEY_UISupportedInterfaceOrientations = UIInterfaceOrientationPortrait;
				INFOPLIST_KEY_UISupportedInterfaceOrientations_iPad = "UIInterfaceOrientationPortrait UIInterfaceOrientationPortraitUpsideDown UIInterfaceOrientationLandscapeLeft UIInterfaceOrientationLandscapeRight";
				INFOPLIST_KEY_UISupportedInterfaceOrientations_iPhone = "UIInterfaceOrientationPortrait UIInterfaceOrientationLandscapeLeft UIInterfaceOrientationLandscapeRight";
				LD_RUNPATH_SEARCH_PATHS = (
					"$(inherited)",
					"@executable_path/Frameworks",
				);
				MARKETING_VERSION = 1.0;
				PRODUCT_BUNDLE_IDENTIFIER = com.AdrSim.Marvel;
				PRODUCT_NAME = "$(TARGET_NAME)";
				SWIFT_EMIT_LOC_STRINGS = YES;
				SWIFT_VERSION = 5.0;
				TARGETED_DEVICE_FAMILY = 1;
			};
			name = Release;
		};
		8410EC44275A87C8002702B5 /* Debug */ = {
			isa = XCBuildConfiguration;
			buildSettings = {
				ALWAYS_EMBED_SWIFT_STANDARD_LIBRARIES = YES;
				BUNDLE_LOADER = "$(TEST_HOST)";
				CODE_SIGN_STYLE = Automatic;
				CURRENT_PROJECT_VERSION = 1;
				DEVELOPMENT_TEAM = 62724PC466;
				GENERATE_INFOPLIST_FILE = YES;
				IPHONEOS_DEPLOYMENT_TARGET = 14.5;
				LD_RUNPATH_SEARCH_PATHS = (
					"$(inherited)",
					"@executable_path/Frameworks",
					"@loader_path/Frameworks",
				);
				MARKETING_VERSION = 1.0;
				PRODUCT_BUNDLE_IDENTIFIER = com.AdrSim.MarvelTests;
				PRODUCT_NAME = "$(TARGET_NAME)";
				SWIFT_EMIT_LOC_STRINGS = NO;
				SWIFT_VERSION = 5.0;
				TARGETED_DEVICE_FAMILY = "1,2";
				TEST_HOST = "$(BUILT_PRODUCTS_DIR)/Marvel.app/Marvel";
			};
			name = Debug;
		};
		8410EC45275A87C8002702B5 /* Release */ = {
			isa = XCBuildConfiguration;
			buildSettings = {
				ALWAYS_EMBED_SWIFT_STANDARD_LIBRARIES = YES;
				BUNDLE_LOADER = "$(TEST_HOST)";
				CODE_SIGN_STYLE = Automatic;
				CURRENT_PROJECT_VERSION = 1;
				DEVELOPMENT_TEAM = 62724PC466;
				GENERATE_INFOPLIST_FILE = YES;
				IPHONEOS_DEPLOYMENT_TARGET = 14.5;
				LD_RUNPATH_SEARCH_PATHS = (
					"$(inherited)",
					"@executable_path/Frameworks",
					"@loader_path/Frameworks",
				);
				MARKETING_VERSION = 1.0;
				PRODUCT_BUNDLE_IDENTIFIER = com.AdrSim.MarvelTests;
				PRODUCT_NAME = "$(TARGET_NAME)";
				SWIFT_EMIT_LOC_STRINGS = NO;
				SWIFT_VERSION = 5.0;
				TARGETED_DEVICE_FAMILY = "1,2";
				TEST_HOST = "$(BUILT_PRODUCTS_DIR)/Marvel.app/Marvel";
			};
			name = Release;
		};
/* End XCBuildConfiguration section */

/* Begin XCConfigurationList section */
		8410EC17275A87C6002702B5 /* Build configuration list for PBXProject "Marvel" */ = {
			isa = XCConfigurationList;
			buildConfigurations = (
				8410EC3E275A87C8002702B5 /* Debug */,
				8410EC3F275A87C8002702B5 /* Release */,
			);
			defaultConfigurationIsVisible = 0;
			defaultConfigurationName = Release;
		};
		8410EC40275A87C8002702B5 /* Build configuration list for PBXNativeTarget "Marvel" */ = {
			isa = XCConfigurationList;
			buildConfigurations = (
				8410EC41275A87C8002702B5 /* Debug */,
				8410EC42275A87C8002702B5 /* Release */,
			);
			defaultConfigurationIsVisible = 0;
			defaultConfigurationName = Release;
		};
		8410EC43275A87C8002702B5 /* Build configuration list for PBXNativeTarget "MarvelTests" */ = {
			isa = XCConfigurationList;
			buildConfigurations = (
				8410EC44275A87C8002702B5 /* Debug */,
				8410EC45275A87C8002702B5 /* Release */,
			);
			defaultConfigurationIsVisible = 0;
			defaultConfigurationName = Release;
		};
/* End XCConfigurationList section */
	};
	rootObject = 8410EC14275A87C6002702B5 /* Project object */;
}
